// !$*UTF8*$!
{
	archiveVersion = 1;
	classes = {
	};
	objectVersion = 56;
	objects = {

/* Begin PBXBuildFile section */
		086365B0298131AA00378EF9 /* APIServices.swift in Sources */ = {isa = PBXBuildFile; fileRef = 086365AF298131AA00378EF9 /* APIServices.swift */; };
		086365B3298131E900378EF9 /* CharacteresAPIService.swift in Sources */ = {isa = PBXBuildFile; fileRef = 086365B2298131E900378EF9 /* CharacteresAPIService.swift */; };
		086365B5298131FD00378EF9 /* CharactersAPIServiceProtocol.swift in Sources */ = {isa = PBXBuildFile; fileRef = 086365B4298131FD00378EF9 /* CharactersAPIServiceProtocol.swift */; };
		086365B82981336500378EF9 /* APIResult.swift in Sources */ = {isa = PBXBuildFile; fileRef = 086365B72981336500378EF9 /* APIResult.swift */; };
		086365BA298133E600378EF9 /* Character.swift in Sources */ = {isa = PBXBuildFile; fileRef = 086365B9298133E600378EF9 /* Character.swift */; };
		086365BC2981345C00378EF9 /* Thumbnail.swift in Sources */ = {isa = PBXBuildFile; fileRef = 086365BB2981345C00378EF9 /* Thumbnail.swift */; };
		086365BF2981408100378EF9 /* Credentials.swift in Sources */ = {isa = PBXBuildFile; fileRef = 086365BE2981408100378EF9 /* Credentials.swift */; };
		08B471E32981224B00835F96 /* AppDelegate.swift in Sources */ = {isa = PBXBuildFile; fileRef = 08B471E22981224B00835F96 /* AppDelegate.swift */; };
		08B471E52981224B00835F96 /* SceneDelegate.swift in Sources */ = {isa = PBXBuildFile; fileRef = 08B471E42981224B00835F96 /* SceneDelegate.swift */; };
		08B471E72981224B00835F96 /* ViewController.swift in Sources */ = {isa = PBXBuildFile; fileRef = 08B471E62981224B00835F96 /* ViewController.swift */; };
		08B471EA2981224B00835F96 /* Main.storyboard in Resources */ = {isa = PBXBuildFile; fileRef = 08B471E82981224B00835F96 /* Main.storyboard */; };
		08B471EC2981224D00835F96 /* Assets.xcassets in Resources */ = {isa = PBXBuildFile; fileRef = 08B471EB2981224D00835F96 /* Assets.xcassets */; };
		08B471EF2981224D00835F96 /* LaunchScreen.storyboard in Resources */ = {isa = PBXBuildFile; fileRef = 08B471ED2981224D00835F96 /* LaunchScreen.storyboard */; };
/* End PBXBuildFile section */

/* Begin PBXFileReference section */
		086365AF298131AA00378EF9 /* APIServices.swift */ = {isa = PBXFileReference; lastKnownFileType = sourcecode.swift; path = APIServices.swift; sourceTree = "<group>"; };
		086365B2298131E900378EF9 /* CharacteresAPIService.swift */ = {isa = PBXFileReference; lastKnownFileType = sourcecode.swift; path = CharacteresAPIService.swift; sourceTree = "<group>"; };
		086365B4298131FD00378EF9 /* CharactersAPIServiceProtocol.swift */ = {isa = PBXFileReference; lastKnownFileType = sourcecode.swift; path = CharactersAPIServiceProtocol.swift; sourceTree = "<group>"; };
		086365B72981336500378EF9 /* APIResult.swift */ = {isa = PBXFileReference; lastKnownFileType = sourcecode.swift; path = APIResult.swift; sourceTree = "<group>"; };
		086365B9298133E600378EF9 /* Character.swift */ = {isa = PBXFileReference; lastKnownFileType = sourcecode.swift; path = Character.swift; sourceTree = "<group>"; };
		086365BB2981345C00378EF9 /* Thumbnail.swift */ = {isa = PBXFileReference; lastKnownFileType = sourcecode.swift; path = Thumbnail.swift; sourceTree = "<group>"; };
		086365BE2981408100378EF9 /* Credentials.swift */ = {isa = PBXFileReference; lastKnownFileType = sourcecode.swift; path = Credentials.swift; sourceTree = "<group>"; };
		08B471DF2981224B00835F96 /* NewEtisalatTask.app */ = {isa = PBXFileReference; explicitFileType = wrapper.application; includeInIndex = 0; path = NewEtisalatTask.app; sourceTree = BUILT_PRODUCTS_DIR; };
		08B471E22981224B00835F96 /* AppDelegate.swift */ = {isa = PBXFileReference; lastKnownFileType = sourcecode.swift; path = AppDelegate.swift; sourceTree = "<group>"; };
		08B471E42981224B00835F96 /* SceneDelegate.swift */ = {isa = PBXFileReference; lastKnownFileType = sourcecode.swift; path = SceneDelegate.swift; sourceTree = "<group>"; };
		08B471E62981224B00835F96 /* ViewController.swift */ = {isa = PBXFileReference; lastKnownFileType = sourcecode.swift; path = ViewController.swift; sourceTree = "<group>"; };
		08B471E92981224B00835F96 /* Base */ = {isa = PBXFileReference; lastKnownFileType = file.storyboard; name = Base; path = Base.lproj/Main.storyboard; sourceTree = "<group>"; };
		08B471EB2981224D00835F96 /* Assets.xcassets */ = {isa = PBXFileReference; lastKnownFileType = folder.assetcatalog; path = Assets.xcassets; sourceTree = "<group>"; };
		08B471EE2981224D00835F96 /* Base */ = {isa = PBXFileReference; lastKnownFileType = file.storyboard; name = Base; path = Base.lproj/LaunchScreen.storyboard; sourceTree = "<group>"; };
		08B471F02981224D00835F96 /* Info.plist */ = {isa = PBXFileReference; lastKnownFileType = text.plist.xml; path = Info.plist; sourceTree = "<group>"; };
/* End PBXFileReference section */

/* Begin PBXFrameworksBuildPhase section */
		08B471DC2981224B00835F96 /* Frameworks */ = {
			isa = PBXFrameworksBuildPhase;
			buildActionMask = 2147483647;
			files = (
			);
			runOnlyForDeploymentPostprocessing = 0;
		};
/* End PBXFrameworksBuildPhase section */

/* Begin PBXGroup section */
		086365AE2981318700378EF9 /* Services */ = {
			isa = PBXGroup;
			children = (
				086365AF298131AA00378EF9 /* APIServices.swift */,
			);
			path = Services;
			sourceTree = "<group>";
		};
		086365B1298131C200378EF9 /* Repo */ = {
			isa = PBXGroup;
			children = (
				086365B4298131FD00378EF9 /* CharactersAPIServiceProtocol.swift */,
				086365B2298131E900378EF9 /* CharacteresAPIService.swift */,
			);
			path = Repo;
			sourceTree = "<group>";
		};
		086365B6298132DC00378EF9 /* Model */ = {
			isa = PBXGroup;
			children = (
				086365B72981336500378EF9 /* APIResult.swift */,
				086365B9298133E600378EF9 /* Character.swift */,
				086365BB2981345C00378EF9 /* Thumbnail.swift */,
			);
			path = Model;
			sourceTree = "<group>";
		};
		086365BD2981406600378EF9 /* Shared */ = {
			isa = PBXGroup;
			children = (
				086365BE2981408100378EF9 /* Credentials.swift */,
			);
			path = Shared;
			sourceTree = "<group>";
		};
		08B471D62981224B00835F96 = {
			isa = PBXGroup;
			children = (
				08B471E12981224B00835F96 /* NewEtisalatTask */,
				08B471E02981224B00835F96 /* Products */,
			);
			sourceTree = "<group>";
		};
		08B471E02981224B00835F96 /* Products */ = {
			isa = PBXGroup;
			children = (
				08B471DF2981224B00835F96 /* NewEtisalatTask.app */,
			);
			name = Products;
			sourceTree = "<group>";
		};
		08B471E12981224B00835F96 /* NewEtisalatTask */ = {
			isa = PBXGroup;
			children = (
				08B471E22981224B00835F96 /* AppDelegate.swift */,
				08B471E42981224B00835F96 /* SceneDelegate.swift */,
				086365BD2981406600378EF9 /* Shared */,
				086365B6298132DC00378EF9 /* Model */,
				086365B1298131C200378EF9 /* Repo */,
				086365AE2981318700378EF9 /* Services */,
				08B471E62981224B00835F96 /* ViewController.swift */,
				08B471E82981224B00835F96 /* Main.storyboard */,
				08B471EB2981224D00835F96 /* Assets.xcassets */,
				08B471ED2981224D00835F96 /* LaunchScreen.storyboard */,
				08B471F02981224D00835F96 /* Info.plist */,
			);
			path = NewEtisalatTask;
			sourceTree = "<group>";
		};
/* End PBXGroup section */

/* Begin PBXNativeTarget section */
		08B471DE2981224B00835F96 /* NewEtisalatTask */ = {
			isa = PBXNativeTarget;
			buildConfigurationList = 08B471F32981224D00835F96 /* Build configuration list for PBXNativeTarget "NewEtisalatTask" */;
			buildPhases = (
				08B471DB2981224B00835F96 /* Sources */,
				08B471DC2981224B00835F96 /* Frameworks */,
				08B471DD2981224B00835F96 /* Resources */,
			);
			buildRules = (
			);
			dependencies = (
			);
			name = NewEtisalatTask;
			productName = NewEtisalatTask;
			productReference = 08B471DF2981224B00835F96 /* NewEtisalatTask.app */;
			productType = "com.apple.product-type.application";
		};
/* End PBXNativeTarget section */

/* Begin PBXProject section */
		08B471D72981224B00835F96 /* Project object */ = {
			isa = PBXProject;
			attributes = {
				BuildIndependentTargetsInParallel = 1;
				LastSwiftUpdateCheck = 1420;
				LastUpgradeCheck = 1420;
				TargetAttributes = {
					08B471DE2981224B00835F96 = {
						CreatedOnToolsVersion = 14.2;
					};
				};
			};
			buildConfigurationList = 08B471DA2981224B00835F96 /* Build configuration list for PBXProject "NewEtisalatTask" */;
			compatibilityVersion = "Xcode 14.0";
			developmentRegion = en;
			hasScannedForEncodings = 0;
			knownRegions = (
				en,
				Base,
			);
			mainGroup = 08B471D62981224B00835F96;
			productRefGroup = 08B471E02981224B00835F96 /* Products */;
			projectDirPath = "";
			projectRoot = "";
			targets = (
				08B471DE2981224B00835F96 /* NewEtisalatTask */,
			);
		};
/* End PBXProject section */

/* Begin PBXResourcesBuildPhase section */
		08B471DD2981224B00835F96 /* Resources */ = {
			isa = PBXResourcesBuildPhase;
			buildActionMask = 2147483647;
			files = (
				08B471EF2981224D00835F96 /* LaunchScreen.storyboard in Resources */,
				08B471EC2981224D00835F96 /* Assets.xcassets in Resources */,
				08B471EA2981224B00835F96 /* Main.storyboard in Resources */,
			);
			runOnlyForDeploymentPostprocessing = 0;
		};
/* End PBXResourcesBuildPhase section */

/* Begin PBXSourcesBuildPhase section */
		08B471DB2981224B00835F96 /* Sources */ = {
			isa = PBXSourcesBuildPhase;
			buildActionMask = 2147483647;
			files = (
				08B471E72981224B00835F96 /* ViewController.swift in Sources */,
				086365B3298131E900378EF9 /* CharacteresAPIService.swift in Sources */,
				086365BF2981408100378EF9 /* Credentials.swift in Sources */,
				086365B5298131FD00378EF9 /* CharactersAPIServiceProtocol.swift in Sources */,
				08B471E32981224B00835F96 /* AppDelegate.swift in Sources */,
				086365B0298131AA00378EF9 /* APIServices.swift in Sources */,
				086365BC2981345C00378EF9 /* Thumbnail.swift in Sources */,
				086365B82981336500378EF9 /* APIResult.swift in Sources */,
				08B471E52981224B00835F96 /* SceneDelegate.swift in Sources */,
				086365BA298133E600378EF9 /* Character.swift in Sources */,
			);
			runOnlyForDeploymentPostprocessing = 0;
		};
/* End PBXSourcesBuildPhase section */

/* Begin PBXVariantGroup section */
		08B471E82981224B00835F96 /* Main.storyboard */ = {
			isa = PBXVariantGroup;
			children = (
				08B471E92981224B00835F96 /* Base */,
			);
			name = Main.storyboard;
			sourceTree = "<group>";
		};
		08B471ED2981224D00835F96 /* LaunchScreen.storyboard */ = {
			isa = PBXVariantGroup;
			children = (
				08B471EE2981224D00835F96 /* Base */,
			);
			name = LaunchScreen.storyboard;
			sourceTree = "<group>";
		};
/* End PBXVariantGroup section */

/* Begin XCBuildConfiguration section */
		08B471F12981224D00835F96 /* Debug */ = {
			isa = XCBuildConfiguration;
			buildSettings = {
				ALWAYS_SEARCH_USER_PATHS = NO;
				CLANG_ANALYZER_NONNULL = YES;
				CLANG_ANALYZER_NUMBER_OBJECT_CONVERSION = YES_AGGRESSIVE;
				CLANG_CXX_LANGUAGE_STANDARD = "gnu++20";
				CLANG_ENABLE_MODULES = YES;
				CLANG_ENABLE_OBJC_ARC = YES;
				CLANG_ENABLE_OBJC_WEAK = YES;
				CLANG_WARN_BLOCK_CAPTURE_AUTORELEASING = YES;
				CLANG_WARN_BOOL_CONVERSION = YES;
				CLANG_WARN_COMMA = YES;
				CLANG_WARN_CONSTANT_CONVERSION = YES;
				CLANG_WARN_DEPRECATED_OBJC_IMPLEMENTATIONS = YES;
				CLANG_WARN_DIRECT_OBJC_ISA_USAGE = YES_ERROR;
				CLANG_WARN_DOCUMENTATION_COMMENTS = YES;
				CLANG_WARN_EMPTY_BODY = YES;
				CLANG_WARN_ENUM_CONVERSION = YES;
				CLANG_WARN_INFINITE_RECURSION = YES;
				CLANG_WARN_INT_CONVERSION = YES;
				CLANG_WARN_NON_LITERAL_NULL_CONVERSION = YES;
				CLANG_WARN_OBJC_IMPLICIT_RETAIN_SELF = YES;
				CLANG_WARN_OBJC_LITERAL_CONVERSION = YES;
				CLANG_WARN_OBJC_ROOT_CLASS = YES_ERROR;
				CLANG_WARN_QUOTED_INCLUDE_IN_FRAMEWORK_HEADER = YES;
				CLANG_WARN_RANGE_LOOP_ANALYSIS = YES;
				CLANG_WARN_STRICT_PROTOTYPES = YES;
				CLANG_WARN_SUSPICIOUS_MOVE = YES;
				CLANG_WARN_UNGUARDED_AVAILABILITY = YES_AGGRESSIVE;
				CLANG_WARN_UNREACHABLE_CODE = YES;
				CLANG_WARN__DUPLICATE_METHOD_MATCH = YES;
				COPY_PHASE_STRIP = NO;
				DEBUG_INFORMATION_FORMAT = dwarf;
				ENABLE_STRICT_OBJC_MSGSEND = YES;
				ENABLE_TESTABILITY = YES;
				GCC_C_LANGUAGE_STANDARD = gnu11;
				GCC_DYNAMIC_NO_PIC = NO;
				GCC_NO_COMMON_BLOCKS = YES;
				GCC_OPTIMIZATION_LEVEL = 0;
				GCC_PREPROCESSOR_DEFINITIONS = (
					"DEBUG=1",
					"$(inherited)",
				);
				GCC_WARN_64_TO_32_BIT_CONVERSION = YES;
				GCC_WARN_ABOUT_RETURN_TYPE = YES_ERROR;
				GCC_WARN_UNDECLARED_SELECTOR = YES;
				GCC_WARN_UNINITIALIZED_AUTOS = YES_AGGRESSIVE;
				GCC_WARN_UNUSED_FUNCTION = YES;
				GCC_WARN_UNUSED_VARIABLE = YES;
				IPHONEOS_DEPLOYMENT_TARGET = 16.2;
				MTL_ENABLE_DEBUG_INFO = INCLUDE_SOURCE;
				MTL_FAST_MATH = YES;
				ONLY_ACTIVE_ARCH = YES;
				SDKROOT = iphoneos;
				SWIFT_ACTIVE_COMPILATION_CONDITIONS = DEBUG;
				SWIFT_OPTIMIZATION_LEVEL = "-Onone";
			};
			name = Debug;
		};
		08B471F22981224D00835F96 /* Release */ = {
			isa = XCBuildConfiguration;
			buildSettings = {
				ALWAYS_SEARCH_USER_PATHS = NO;
				CLANG_ANALYZER_NONNULL = YES;
				CLANG_ANALYZER_NUMBER_OBJECT_CONVERSION = YES_AGGRESSIVE;
				CLANG_CXX_LANGUAGE_STANDARD = "gnu++20";
				CLANG_ENABLE_MODULES = YES;
				CLANG_ENABLE_OBJC_ARC = YES;
				CLANG_ENABLE_OBJC_WEAK = YES;
				CLANG_WARN_BLOCK_CAPTURE_AUTORELEASING = YES;
				CLANG_WARN_BOOL_CONVERSION = YES;
				CLANG_WARN_COMMA = YES;
				CLANG_WARN_CONSTANT_CONVERSION = YES;
				CLANG_WARN_DEPRECATED_OBJC_IMPLEMENTATIONS = YES;
				CLANG_WARN_DIRECT_OBJC_ISA_USAGE = YES_ERROR;
				CLANG_WARN_DOCUMENTATION_COMMENTS = YES;
				CLANG_WARN_EMPTY_BODY = YES;
				CLANG_WARN_ENUM_CONVERSION = YES;
				CLANG_WARN_INFINITE_RECURSION = YES;
				CLANG_WARN_INT_CONVERSION = YES;
				CLANG_WARN_NON_LITERAL_NULL_CONVERSION = YES;
				CLANG_WARN_OBJC_IMPLICIT_RETAIN_SELF = YES;
				CLANG_WARN_OBJC_LITERAL_CONVERSION = YES;
				CLANG_WARN_OBJC_ROOT_CLASS = YES_ERROR;
				CLANG_WARN_QUOTED_INCLUDE_IN_FRAMEWORK_HEADER = YES;
				CLANG_WARN_RANGE_LOOP_ANALYSIS = YES;
				CLANG_WARN_STRICT_PROTOTYPES = YES;
				CLANG_WARN_SUSPICIOUS_MOVE = YES;
				CLANG_WARN_UNGUARDED_AVAILABILITY = YES_AGGRESSIVE;
				CLANG_WARN_UNREACHABLE_CODE = YES;
				CLANG_WARN__DUPLICATE_METHOD_MATCH = YES;
				COPY_PHASE_STRIP = NO;
				DEBUG_INFORMATION_FORMAT = "dwarf-with-dsym";
				ENABLE_NS_ASSERTIONS = NO;
				ENABLE_STRICT_OBJC_MSGSEND = YES;
				GCC_C_LANGUAGE_STANDARD = gnu11;
				GCC_NO_COMMON_BLOCKS = YES;
				GCC_WARN_64_TO_32_BIT_CONVERSION = YES;
				GCC_WARN_ABOUT_RETURN_TYPE = YES_ERROR;
				GCC_WARN_UNDECLARED_SELECTOR = YES;
				GCC_WARN_UNINITIALIZED_AUTOS = YES_AGGRESSIVE;
				GCC_WARN_UNUSED_FUNCTION = YES;
				GCC_WARN_UNUSED_VARIABLE = YES;
				IPHONEOS_DEPLOYMENT_TARGET = 16.2;
				MTL_ENABLE_DEBUG_INFO = NO;
				MTL_FAST_MATH = YES;
				SDKROOT = iphoneos;
				SWIFT_COMPILATION_MODE = wholemodule;
				SWIFT_OPTIMIZATION_LEVEL = "-O";
				VALIDATE_PRODUCT = YES;
			};
			name = Release;
		};
		08B471F42981224D00835F96 /* Debug */ = {
			isa = XCBuildConfiguration;
			buildSettings = {
				ASSETCATALOG_COMPILER_APPICON_NAME = AppIcon;
				ASSETCATALOG_COMPILER_GLOBAL_ACCENT_COLOR_NAME = AccentColor;
				CODE_SIGN_STYLE = Automatic;
				CURRENT_PROJECT_VERSION = 1;
				DEVELOPMENT_TEAM = 58S3B75CL7;
				GENERATE_INFOPLIST_FILE = YES;
				INFOPLIST_FILE = NewEtisalatTask/Info.plist;
				INFOPLIST_KEY_UIApplicationSupportsIndirectInputEvents = YES;
				INFOPLIST_KEY_UILaunchStoryboardName = LaunchScreen;
				INFOPLIST_KEY_UIMainStoryboardFile = Main;
				INFOPLIST_KEY_UISupportedInterfaceOrientations_iPad = "UIInterfaceOrientationPortrait UIInterfaceOrientationPortraitUpsideDown UIInterfaceOrientationLandscapeLeft UIInterfaceOrientationLandscapeRight";
				INFOPLIST_KEY_UISupportedInterfaceOrientations_iPhone = "UIInterfaceOrientationPortrait UIInterfaceOrientationLandscapeLeft UIInterfaceOrientationLandscapeRight";
				LD_RUNPATH_SEARCH_PATHS = (
					"$(inherited)",
					"@executable_path/Frameworks",
				);
				MARKETING_VERSION = 1.0;
				PRODUCT_BUNDLE_IDENTIFIER = com.Etisalat.NewEtisalatTask;
				PRODUCT_NAME = "$(TARGET_NAME)";
				SWIFT_EMIT_LOC_STRINGS = YES;
				SWIFT_VERSION = 5.0;
				TARGETED_DEVICE_FAMILY = "1,2";
			};
			name = Debug;
		};
		08B471F52981224D00835F96 /* Release */ = {
			isa = XCBuildConfiguration;
			buildSettings = {
				ASSETCATALOG_COMPILER_APPICON_NAME = AppIcon;
				ASSETCATALOG_COMPILER_GLOBAL_ACCENT_COLOR_NAME = AccentColor;
				CODE_SIGN_STYLE = Automatic;
				CURRENT_PROJECT_VERSION = 1;
				DEVELOPMENT_TEAM = 58S3B75CL7;
				GENERATE_INFOPLIST_FILE = YES;
				INFOPLIST_FILE = NewEtisalatTask/Info.plist;
				INFOPLIST_KEY_UIApplicationSupportsIndirectInputEvents = YES;
				INFOPLIST_KEY_UILaunchStoryboardName = LaunchScreen;
				INFOPLIST_KEY_UIMainStoryboardFile = Main;
				INFOPLIST_KEY_UISupportedInterfaceOrientations_iPad = "UIInterfaceOrientationPortrait UIInterfaceOrientationPortraitUpsideDown UIInterfaceOrientationLandscapeLeft UIInterfaceOrientationLandscapeRight";
				INFOPLIST_KEY_UISupportedInterfaceOrientations_iPhone = "UIInterfaceOrientationPortrait UIInterfaceOrientationLandscapeLeft UIInterfaceOrientationLandscapeRight";
				LD_RUNPATH_SEARCH_PATHS = (
					"$(inherited)",
					"@executable_path/Frameworks",
				);
				MARKETING_VERSION = 1.0;
				PRODUCT_BUNDLE_IDENTIFIER = com.Etisalat.NewEtisalatTask;
				PRODUCT_NAME = "$(TARGET_NAME)";
				SWIFT_EMIT_LOC_STRINGS = YES;
				SWIFT_VERSION = 5.0;
				TARGETED_DEVICE_FAMILY = "1,2";
			};
			name = Release;
		};
/* End XCBuildConfiguration section */

/* Begin XCConfigurationList section */
		08B471DA2981224B00835F96 /* Build configuration list for PBXProject "NewEtisalatTask" */ = {
			isa = XCConfigurationList;
			buildConfigurations = (
				08B471F12981224D00835F96 /* Debug */,
				08B471F22981224D00835F96 /* Release */,
			);
			defaultConfigurationIsVisible = 0;
			defaultConfigurationName = Release;
		};
		08B471F32981224D00835F96 /* Build configuration list for PBXNativeTarget "NewEtisalatTask" */ = {
			isa = XCConfigurationList;
			buildConfigurations = (
				08B471F42981224D00835F96 /* Debug */,
				08B471F52981224D00835F96 /* Release */,
			);
			defaultConfigurationIsVisible = 0;
			defaultConfigurationName = Release;
		};
/* End XCConfigurationList section */
	};
	rootObject = 08B471D72981224B00835F96 /* Project object */;
}
